
Microsoft Visual Studio Solution File, Format Version 12.00
# Visual Studio Version 16
VisualStudioVersion = 16.0.29926.136
MinimumVisualStudioVersion = 10.0.40219.1
Project("{FAE04EC0-301F-11D3-BF4B-00C04F79EFBC}") = "MakeScreenShots", "MakeScreenShots\MakeScreenShots.csproj", "{BD6056C2-529A-4234-9BD3-B191684DB029}"
EndProject
Project("{9A19103F-16F7-4668-BE54-9A1E7A4F7556}") = "BuildFullMap", "BuildFullMap\BuildFullMap.csproj", "{0ECD5D9C-8A09-4372-9591-DA19F035C77A}"
EndProject
Project("{9A19103F-16F7-4668-BE54-9A1E7A4F7556}") = "MakeTiles", "MakeTiles\MakeTiles.csproj", "{E3910E42-03DD-4FFA-A0B4-F916B9CB429B}"
EndProject
Global
	GlobalSection(SolutionConfigurationPlatforms) = preSolution
		Debug|Any CPU = Debug|Any CPU
		Release|Any CPU = Release|Any CPU
	EndGlobalSection
	GlobalSection(ProjectConfigurationPlatforms) = postSolution
		{BD6056C2-529A-4234-9BD3-B191684DB029}.Debug|Any CPU.ActiveCfg = Debug|Any CPU
		{BD6056C2-529A-4234-9BD3-B191684DB029}.Debug|Any CPU.Build.0 = Debug|Any CPU
		{BD6056C2-529A-4234-9BD3-B191684DB029}.Release|Any CPU.ActiveCfg = Release|Any CPU
		{BD6056C2-529A-4234-9BD3-B191684DB029}.Release|Any CPU.Build.0 = Release|Any CPU
		{0ECD5D9C-8A09-4372-9591-DA19F035C77A}.Debug|Any CPU.ActiveCfg = Debug|Any CPU
		{0ECD5D9C-8A09-4372-9591-DA19F035C77A}.Debug|Any CPU.Build.0 = Debug|Any CPU
		{0ECD5D9C-8A09-4372-9591-DA19F035C77A}.Release|Any CPU.ActiveCfg = Release|Any CPU
		{0ECD5D9C-8A09-4372-9591-DA19F035C77A}.Release|Any CPU.Build.0 = Release|Any CPU
		{E3910E42-03DD-4FFA-A0B4-F916B9CB429B}.Debug|Any CPU.ActiveCfg = Debug|Any CPU
		{E3910E42-03DD-4FFA-A0B4-F916B9CB429B}.Debug|Any CPU.Build.0 = Debug|Any CPU
		{E3910E42-03DD-4FFA-A0B4-F916B9CB429B}.Release|Any CPU.ActiveCfg = Release|Any CPU
		{E3910E42-03DD-4FFA-A0B4-F916B9CB429B}.Release|Any CPU.Build.0 = Release|Any CPU
		{DA70FE97-37EB-4965-8A91-C7821657DC77}.Debug|Any CPU.ActiveCfg = Debug|Any CPU
		{DA70FE97-37EB-4965-8A91-C7821657DC77}.Debug|Any CPU.Build.0 = Debug|Any CPU
		{DA70FE97-37EB-4965-8A91-C7821657DC77}.Release|Any CPU.ActiveCfg = Release|Any CPU
		{DA70FE97-37EB-4965-8A91-C7821657DC77}.Release|Any CPU.Build.0 = Release|Any CPU
	EndGlobalSection
	GlobalSection(SolutionProperties) = preSolution
		HideSolutionNode = FALSE
	EndGlobalSection
	GlobalSection(ExtensibilityGlobals) = postSolution
		SolutionGuid = {04413C7B-CDA0-439C-94EC-902C554EAF88}
	EndGlobalSection
EndGlobal
